
Microsoft Visual Studio Solution File, Format Version 12.00
# Visual Studio Version 17
VisualStudioVersion = 17.4.33205.214
MinimumVisualStudioVersion = 10.0.40219.1
Project("{FAE04EC0-301F-11D3-BF4B-00C04F79EFBC}") = "SweeftTasks", "SweeftTasks\SweeftTasks.csproj", "{154805B1-496B-4D06-BA3A-4D3F8CC07116}"
EndProject
Global
	GlobalSection(SolutionConfigurationPlatforms) = preSolution
		Debug|Any CPU = Debug|Any CPU
		Release|Any CPU = Release|Any CPU
	EndGlobalSection
	GlobalSection(ProjectConfigurationPlatforms) = postSolution
		{154805B1-496B-4D06-BA3A-4D3F8CC07116}.Debug|Any CPU.ActiveCfg = Debug|Any CPU
		{154805B1-496B-4D06-BA3A-4D3F8CC07116}.Debug|Any CPU.Build.0 = Debug|Any CPU
		{154805B1-496B-4D06-BA3A-4D3F8CC07116}.Release|Any CPU.ActiveCfg = Release|Any CPU
		{154805B1-496B-4D06-BA3A-4D3F8CC07116}.Release|Any CPU.Build.0 = Release|Any CPU
	EndGlobalSection
	GlobalSection(SolutionProperties) = preSolution
		HideSolutionNode = FALSE
	EndGlobalSection
	GlobalSection(ExtensibilityGlobals) = postSolution
		SolutionGuid = {C8A01E5D-CADA-4693-A565-98948354821F}
	EndGlobalSection
EndGlobal
